
Microsoft Visual Studio Solution File, Format Version 11.00
# Visual Studio 2010
Project("{8BC9CEB8-8B4A-11D0-8D11-00A0C91BC942}") = "Application", "R179.vcxproj", "{0BFDFD2F-C2CE-4B01-A687-C9C32E189578}"
EndProject
Project("{8BC9CEB8-8B4A-11D0-8D11-00A0C91BC942}") = "Drivers", ".\Drivers\Drivers.vcxproj", "{1C44A4BF-EAE8-4BB7-878C-3F21DEB6DAFC}"
EndProject
Project("{8BC9CEB8-8B4A-11D0-8D11-00A0C91BC942}") = "TCNLib", ".\TCNLib\TCNLib.vcxproj", "{CE4A3820-BC75-46F6-A096-BDE0F08ED397}"
EndProject
Global
	GlobalSection(SubversionScc) = preSolution
		Svn-Managed = True
		Manager = AnkhSVN - Subversion Support for Visual Studio
	EndGlobalSection
	GlobalSection(SolutionConfigurationPlatforms) = preSolution
		Debug|Win32 = Debug|Win32
		Release|Win32 = Release|Win32
	EndGlobalSection
	GlobalSection(ProjectConfigurationPlatforms) = postSolution
		{0BFDFD2F-C2CE-4B01-A687-C9C32E189578}.Debug|Win32.ActiveCfg = Debug|Win32
		{0BFDFD2F-C2CE-4B01-A687-C9C32E189578}.Debug|Win32.Build.0 = Debug|Win32
		{0BFDFD2F-C2CE-4B01-A687-C9C32E189578}.Release|Win32.ActiveCfg = Release|Win32
		{0BFDFD2F-C2CE-4B01-A687-C9C32E189578}.Release|Win32.Build.0 = Release|Win32
		{1C44A4BF-EAE8-4BB7-878C-3F21DEB6DAFC}.Debug|Win32.ActiveCfg = Debug|Win32
		{1C44A4BF-EAE8-4BB7-878C-3F21DEB6DAFC}.Debug|Win32.Build.0 = Debug|Win32
		{1C44A4BF-EAE8-4BB7-878C-3F21DEB6DAFC}.Release|Win32.ActiveCfg = Release|Win32
		{1C44A4BF-EAE8-4BB7-878C-3F21DEB6DAFC}.Release|Win32.Build.0 = Release|Win32
		{CE4A3820-BC75-46F6-A096-BDE0F08ED397}.Debug|Win32.ActiveCfg = Debug|Win32
		{CE4A3820-BC75-46F6-A096-BDE0F08ED397}.Debug|Win32.Build.0 = Debug|Win32
		{CE4A3820-BC75-46F6-A096-BDE0F08ED397}.Release|Win32.ActiveCfg = Release|Win32
		{CE4A3820-BC75-46F6-A096-BDE0F08ED397}.Release|Win32.Build.0 = Release|Win32
	EndGlobalSection
	GlobalSection(SolutionProperties) = preSolution
		HideSolutionNode = FALSE
	EndGlobalSection
EndGlobal
